# This file is autogenerated, do not edit; changes may be undone by the next 'dep ensure'.


[[projects]]
  digest = "1:12bc53a794bd3f5169f71e87c18e15df70c51324e51d84a6b83dbdadf366d2c7"
  name = "github.com/dave/jennifer"
  packages = ["jen"]
  pruneopts = "NUT"
  revision = "e2c46c587b5f3cf3dec985fd8f7e8232f9e40ac9"
  version = "v1.1.0"

[[projects]]
  branch = "master"
  digest = "1:202a4c2d6a1f68d385000fcc02da0d6cd88ea0cf33e778e58afc7f64e4d14804"
  name = "golang.org/x/tools"
  packages = [
    "go/ast/astutil",
    "go/buildutil",
    "go/internal/cgo",
    "go/loader",
    "go/types/typeutil",
  ]
  pruneopts = "NUT"
  revision = "8149dec50d887b3322b76ac694f08fe28a3e3627"

[solve-meta]
  analyzer-name = "dep"
  analyzer-version = 1
  input-imports = [
    "github.com/dave/jennifer/jen",
    "golang.org/x/tools/go/loader",
    "golang.org/x/tools/go/types/typeutil",
  ]
  solver-name = "gps-cdcl"
  solver-version = 1
